
Microsoft Visual Studio Solution File, Format Version 12.00
# Visual Studio Version 16
VisualStudioVersion = 16.0.30907.101
MinimumVisualStudioVersion = 10.0.40219.1
Project("{9A19103F-16F7-4668-BE54-9A1E7A4F7556}") = "Laboration 1", "ITHSLab\Laboration 1.csproj", "{958894BD-2535-4F9C-897C-DCE39876BBC3}"
EndProject
Global
	GlobalSection(SolutionConfigurationPlatforms) = preSolution
		Debug|Any CPU = Debug|Any CPU
		Release|Any CPU = Release|Any CPU
	EndGlobalSection
	GlobalSection(ProjectConfigurationPlatforms) = postSolution
		{958894BD-2535-4F9C-897C-DCE39876BBC3}.Debug|Any CPU.ActiveCfg = Debug|Any CPU
		{958894BD-2535-4F9C-897C-DCE39876BBC3}.Debug|Any CPU.Build.0 = Debug|Any CPU
		{958894BD-2535-4F9C-897C-DCE39876BBC3}.Release|Any CPU.ActiveCfg = Release|Any CPU
		{958894BD-2535-4F9C-897C-DCE39876BBC3}.Release|Any CPU.Build.0 = Release|Any CPU
	EndGlobalSection
	GlobalSection(SolutionProperties) = preSolution
		HideSolutionNode = FALSE
	EndGlobalSection
	GlobalSection(ExtensibilityGlobals) = postSolution
		SolutionGuid = {C137B381-2363-41D6-847D-C303BC61D49A}
	EndGlobalSection
EndGlobal
